{"is_source_file": false, "format": "", "description": "", "external_files": [], "external_methods": [], "published": [], "classes": [], "methods": [], "calls": [], "search-terms": [], "state": 2, "file_id": 3, "knowledge_revision": 19, "git_revision": "b9a208e03f05f6caaa9fedc004e68a18ba27154b", "hash": "e9b4c3b42cef0193b7fddb548d37e652", "format-version": 4, "code-base-name": "todo_frontend", "filename": "todo_frontend/post_process_status.lock", "revision_history": [{"19": "b9a208e03f05f6caaa9fedc004e68a18ba27154b"}]}